# This file was autogenerated by Stack.
# You should not edit this file by hand.
# For more information, please see the documentation at:
#   https://docs.haskellstack.org/en/stable/lock_files

packages:
- completed:
    hackage: butcher-1.3.3.2@sha256:0be5b914f648ec9c63cb88730d983602aef829a7c8c31343952e4642e6b52a84,3150
    pantry-tree:
      size: 1197
      sha256: 96fe696234de07e4d9253d80ddf189f8cfaf2e262e977438343a6069677a39d2
  original:
    hackage: butcher-1.3.3.2@sha256:0be5b914f648ec9c63cb88730d983602aef829a7c8c31343952e4642e6b52a84,3150
- completed:
    hackage: http-client-0.6.4.1@sha256:ea569e3ebc00e7bb68162fbdf85aa63e653b974eaff63df7b972e4296687e25c,5322
    pantry-tree:
      size: 2458
      sha256: 8e6ebf17ad06cca8bdab0c2ceda13ed41dea0d793f1930f90f0542f9c66afff1
  original:
    hackage: http-client-0.6.4.1@sha256:ea569e3ebc00e7bb68162fbdf85aa63e653b974eaff63df7b972e4296687e25c,5322
- completed:
    hackage: multistate-0.8.0.3@sha256:49d600399f3a4bfd8c8ba2e924c6592e84915b63c52970818982baa274cd9ac3,3588
    pantry-tree:
      size: 2143
      sha256: 73b47c11a753963b033b79209a66490013da35854dd1064b3633dd23c3fa5650
  original:
    hackage: multistate-0.8.0.3@sha256:49d600399f3a4bfd8c8ba2e924c6592e84915b63c52970818982baa274cd9ac3,3588
snapshots:
- completed:
    size: 623654
    url: https://raw.githubusercontent.com/commercialhaskell/stackage-snapshots/master/nightly/2022/1/6.yaml
    sha256: efba441fbb0fff82c5be10ccda625e25b38f6673588ed5ddb8ef9239ec130d39
  original: nightly-2022-01-06
