# This file was autogenerated by Stack.
# You should not edit this file by hand.
# For more information, please see the documentation at:
#   https://docs.haskellstack.org/en/stable/lock_files

packages: []
snapshots:
- completed:
    size: 568675
    url: https://raw.githubusercontent.com/commercialhaskell/stackage-snapshots/master/nightly/2021/2/23.yaml
    sha256: a71cbf2d93ececebc373bc9148a490c25e467dcfe07f58755d9953a6a5f0b7f6
  original: nightly-2021-02-23
